hash: 03a6041f6bf320116dd039d11d83c782ce0e3b6b910e1ae0938072e60350923d
updated: 2017-06-25T17:25:43.8229745-05:00
imports:
- name: github.com/gorilla/websocket
  version: ea4d1f681babbce9545c9c5f3d5194a789c89f5b
- name: github.com/ojrac/opensimplex-go
  version: c0d2b8b324684d1e69e72eaf01f69ff700e3396a
- name: github.com/tbogdala/noisey
  version: 0f5c99971ea9f7b689747f2844437ce59fc184a5
testImports: []
